
Microsoft Visual Studio Solution File, Format Version 12.00
# Visual Studio Version 17
VisualStudioVersion = 17.9.34728.123
MinimumVisualStudioVersion = 10.0.40219.1
Project("{9A19103F-16F7-4668-BE54-9A1E7A4F7556}") = "WebAppA", "WebAppA\WebAppA.csproj", "{8123392E-5C12-49E4-9209-EABABAC1D120}"
EndProject
Project("{9A19103F-16F7-4668-BE54-9A1E7A4F7556}") = "WebAppB", "WebAppB\WebAppB.csproj", "{822F043C-C6AD-43BD-AA2D-CBE799F134A9}"
EndProject
Project("{9A19103F-16F7-4668-BE54-9A1E7A4F7556}") = "IntTestWebHostFactory", "IntTestWebHostFactory\IntTestWebHostFactory.csproj", "{55B56A69-40E4-48CF-90CC-68531613A589}"
EndProject
Project("{FAE04EC0-301F-11D3-BF4B-00C04F79EFBC}") = "AspireAppHost", "AspireAppHost\AspireAppHost.csproj", "{260D1849-4D08-428C-90ED-52B5185D16CA}"
EndProject
Project("{FAE04EC0-301F-11D3-BF4B-00C04F79EFBC}") = "AspireHostTest", "AspireHostTest\AspireHostTest.csproj", "{386DDBD1-FE9C-461A-ADCF-CF1CC9476D54}"
EndProject
Global
	GlobalSection(SolutionConfigurationPlatforms) = preSolution
		Debug|Any CPU = Debug|Any CPU
		Release|Any CPU = Release|Any CPU
	EndGlobalSection
	GlobalSection(ProjectConfigurationPlatforms) = postSolution
		{8123392E-5C12-49E4-9209-EABABAC1D120}.Debug|Any CPU.ActiveCfg = Debug|Any CPU
		{8123392E-5C12-49E4-9209-EABABAC1D120}.Debug|Any CPU.Build.0 = Debug|Any CPU
		{8123392E-5C12-49E4-9209-EABABAC1D120}.Release|Any CPU.ActiveCfg = Release|Any CPU
		{8123392E-5C12-49E4-9209-EABABAC1D120}.Release|Any CPU.Build.0 = Release|Any CPU
		{822F043C-C6AD-43BD-AA2D-CBE799F134A9}.Debug|Any CPU.ActiveCfg = Debug|Any CPU
		{822F043C-C6AD-43BD-AA2D-CBE799F134A9}.Debug|Any CPU.Build.0 = Debug|Any CPU
		{822F043C-C6AD-43BD-AA2D-CBE799F134A9}.Release|Any CPU.ActiveCfg = Release|Any CPU
		{822F043C-C6AD-43BD-AA2D-CBE799F134A9}.Release|Any CPU.Build.0 = Release|Any CPU
		{55B56A69-40E4-48CF-90CC-68531613A589}.Debug|Any CPU.ActiveCfg = Debug|Any CPU
		{55B56A69-40E4-48CF-90CC-68531613A589}.Debug|Any CPU.Build.0 = Debug|Any CPU
		{55B56A69-40E4-48CF-90CC-68531613A589}.Release|Any CPU.ActiveCfg = Release|Any CPU
		{55B56A69-40E4-48CF-90CC-68531613A589}.Release|Any CPU.Build.0 = Release|Any CPU
		{260D1849-4D08-428C-90ED-52B5185D16CA}.Debug|Any CPU.ActiveCfg = Debug|Any CPU
		{260D1849-4D08-428C-90ED-52B5185D16CA}.Debug|Any CPU.Build.0 = Debug|Any CPU
		{260D1849-4D08-428C-90ED-52B5185D16CA}.Release|Any CPU.ActiveCfg = Release|Any CPU
		{260D1849-4D08-428C-90ED-52B5185D16CA}.Release|Any CPU.Build.0 = Release|Any CPU
		{386DDBD1-FE9C-461A-ADCF-CF1CC9476D54}.Debug|Any CPU.ActiveCfg = Debug|Any CPU
		{386DDBD1-FE9C-461A-ADCF-CF1CC9476D54}.Debug|Any CPU.Build.0 = Debug|Any CPU
		{386DDBD1-FE9C-461A-ADCF-CF1CC9476D54}.Release|Any CPU.ActiveCfg = Release|Any CPU
		{386DDBD1-FE9C-461A-ADCF-CF1CC9476D54}.Release|Any CPU.Build.0 = Release|Any CPU
	EndGlobalSection
	GlobalSection(SolutionProperties) = preSolution
		HideSolutionNode = FALSE
	EndGlobalSection
	GlobalSection(ExtensibilityGlobals) = postSolution
		SolutionGuid = {5A47EF1B-EDBE-4565-BC72-7599DEF95D64}
	EndGlobalSection
EndGlobal
